
Microsoft Visual Studio Solution File, Format Version 12.00
# Visual Studio Version 17
VisualStudioVersion = 17.3.32922.545
MinimumVisualStudioVersion = 10.0.40219.1
Project("{2150E333-8FDC-42A3-9474-1A3956D46DE8}") = "Services", "Services", "{AAD1F65B-FBC9-4DDC-A29B-51A932629937}"
EndProject
Project("{2150E333-8FDC-42A3-9474-1A3956D46DE8}") = "WebApps", "WebApps", "{DE18BDB5-8405-4D5A-AAA7-87827FCF9A16}"
EndProject
Project("{2150E333-8FDC-42A3-9474-1A3956D46DE8}") = "Cadastros", "Cadastros", "{FA5F404E-1D2D-479C-8280-EE1C538A3DA4}"
EndProject
Project("{2150E333-8FDC-42A3-9474-1A3956D46DE8}") = "Catalago", "Catalago", "{48FD9390-F626-4FD1-AEAF-042B535466FF}"
EndProject
Project("{2150E333-8FDC-42A3-9474-1A3956D46DE8}") = "Core", "Core", "{87B53753-D468-402C-BA3A-9F98E98508F4}"
EndProject
Project("{2150E333-8FDC-42A3-9474-1A3956D46DE8}") = "Pagamentos", "Pagamentos", "{0E42B607-0499-45F4-85A7-089700FFF3A1}"
EndProject
Project("{2150E333-8FDC-42A3-9474-1A3956D46DE8}") = "Fiscal", "Fiscal", "{C0E77DA7-F0AD-4CB6-BC16-B65FEF2D0BCF}"
EndProject
Project("{2150E333-8FDC-42A3-9474-1A3956D46DE8}") = "Vendas", "Vendas", "{36B52F1F-E8B0-4EDD-A805-AEB7FE8D4276}"
EndProject
Project("{9A19103F-16F7-4668-BE54-9A1E7A4F7556}") = "NerdStore.Catalogo.Domain", "src\NerdStore.Catalogo.Domain\NerdStore.Catalogo.Domain.csproj", "{3C6D017C-15DA-4885-BB61-0DEBDB07C861}"
EndProject
Project("{9A19103F-16F7-4668-BE54-9A1E7A4F7556}") = "NerdStore.Core", "src\NerdStore.Core\NerdStore.Core.csproj", "{E4B55284-D8EC-4159-A11A-B0DF0E1C1912}"
EndProject
Project("{2150E333-8FDC-42A3-9474-1A3956D46DE8}") = "Tests", "Tests", "{DC4BE2D7-3FBE-4CB0-9ED8-27E58D4A8885}"
EndProject
Project("{9A19103F-16F7-4668-BE54-9A1E7A4F7556}") = "NerdStore.Catalogo.Domain.Tests", "tests\NerdStore.Catalogo.Domain.Tests\NerdStore.Catalogo.Domain.Tests.csproj", "{DD0E26A7-001D-45DF-93E6-8A7BB055E01E}"
EndProject
Project("{9A19103F-16F7-4668-BE54-9A1E7A4F7556}") = "NerdStore.Catalogo.Data", "src\NerdStore.Catalogo.Data\NerdStore.Catalogo.Data.csproj", "{4F72CFEF-5B7D-46A0-8A1D-E41D67E18904}"
EndProject
Project("{9A19103F-16F7-4668-BE54-9A1E7A4F7556}") = "NerdStore.Catalogo.Application", "src\NerdStore.Catalogo.Application\NerdStore.Catalogo.Application.csproj", "{14C3B7CC-367C-49C9-B576-FB1796FEFB20}"
EndProject
Project("{9A19103F-16F7-4668-BE54-9A1E7A4F7556}") = "NerdStore.Vendas.Application", "src\NerdStore.Vendas.Application\NerdStore.Vendas.Application.csproj", "{CDAE27FA-A58A-4D44-A7BE-1A2C10AEF8D6}"
EndProject
Project("{9A19103F-16F7-4668-BE54-9A1E7A4F7556}") = "NerdStore.Vendas.Data", "src\NerdStore.Vendas.Data\NerdStore.Vendas.Data.csproj", "{AA9F6E77-D693-40B5-A528-08D665FFF545}"
EndProject
Project("{9A19103F-16F7-4668-BE54-9A1E7A4F7556}") = "NerdStore.Vendas.Domain", "src\NerdStore.Vendas.Domain\NerdStore.Vendas.Domain.csproj", "{BFE940DF-2E7D-41DA-BC3F-F57270260822}"
EndProject
Project("{2150E333-8FDC-42A3-9474-1A3956D46DE8}") = "BuildingBlocks", "BuildingBlocks", "{4B7996E7-8752-4CC4-9223-ECDA86404FB2}"
EndProject
Project("{9A19103F-16F7-4668-BE54-9A1E7A4F7556}") = "EventSourcing", "src\EventSourcing\EventSourcing.csproj", "{7AA1B53F-E1C4-419E-976C-E8CBDFF9FF07}"
EndProject
Project("{9A19103F-16F7-4668-BE54-9A1E7A4F7556}") = "NerdStore.Pagamentos.AntiCorruption", "src\NerdStore.Pagamentos.AntiCorruption\NerdStore.Pagamentos.AntiCorruption.csproj", "{9649C966-0DEC-4C2D-B416-9B725F2F23F7}"
EndProject
Project("{9A19103F-16F7-4668-BE54-9A1E7A4F7556}") = "NerdStore.Pagamentos.Business", "src\NerdStore.Pagamentos.Business\NerdStore.Pagamentos.Business.csproj", "{4DF32D63-B7D2-4B00-9CE0-141F662EB4EE}"
EndProject
Project("{FAE04EC0-301F-11D3-BF4B-00C04F79EFBC}") = "NerdStore.Pagamentos.Data", "src\NerdStore.Pagamentos.Data\NerdStore.Pagamentos.Data.csproj", "{A0197F82-9FFB-43B9-B663-DFB373633F5D}"
EndProject
Project("{FAE04EC0-301F-11D3-BF4B-00C04F79EFBC}") = "NerdStore.WebApp.MVC", "src\NerdStore.WebApp.MVC\NerdStore.WebApp.MVC.csproj", "{80CDFA9C-7D15-46F0-90B2-0098A6150033}"
EndProject
Global
	GlobalSection(SolutionConfigurationPlatforms) = preSolution
		Debug|Any CPU = Debug|Any CPU
		Release|Any CPU = Release|Any CPU
	EndGlobalSection
	GlobalSection(ProjectConfigurationPlatforms) = postSolution
		{3C6D017C-15DA-4885-BB61-0DEBDB07C861}.Debug|Any CPU.ActiveCfg = Debug|Any CPU
		{3C6D017C-15DA-4885-BB61-0DEBDB07C861}.Debug|Any CPU.Build.0 = Debug|Any CPU
		{3C6D017C-15DA-4885-BB61-0DEBDB07C861}.Release|Any CPU.ActiveCfg = Release|Any CPU
		{3C6D017C-15DA-4885-BB61-0DEBDB07C861}.Release|Any CPU.Build.0 = Release|Any CPU
		{E4B55284-D8EC-4159-A11A-B0DF0E1C1912}.Debug|Any CPU.ActiveCfg = Debug|Any CPU
		{E4B55284-D8EC-4159-A11A-B0DF0E1C1912}.Debug|Any CPU.Build.0 = Debug|Any CPU
		{E4B55284-D8EC-4159-A11A-B0DF0E1C1912}.Release|Any CPU.ActiveCfg = Release|Any CPU
		{E4B55284-D8EC-4159-A11A-B0DF0E1C1912}.Release|Any CPU.Build.0 = Release|Any CPU
		{DD0E26A7-001D-45DF-93E6-8A7BB055E01E}.Debug|Any CPU.ActiveCfg = Debug|Any CPU
		{DD0E26A7-001D-45DF-93E6-8A7BB055E01E}.Debug|Any CPU.Build.0 = Debug|Any CPU
		{DD0E26A7-001D-45DF-93E6-8A7BB055E01E}.Release|Any CPU.ActiveCfg = Release|Any CPU
		{DD0E26A7-001D-45DF-93E6-8A7BB055E01E}.Release|Any CPU.Build.0 = Release|Any CPU
		{4F72CFEF-5B7D-46A0-8A1D-E41D67E18904}.Debug|Any CPU.ActiveCfg = Debug|Any CPU
		{4F72CFEF-5B7D-46A0-8A1D-E41D67E18904}.Debug|Any CPU.Build.0 = Debug|Any CPU
		{4F72CFEF-5B7D-46A0-8A1D-E41D67E18904}.Release|Any CPU.ActiveCfg = Release|Any CPU
		{4F72CFEF-5B7D-46A0-8A1D-E41D67E18904}.Release|Any CPU.Build.0 = Release|Any CPU
		{14C3B7CC-367C-49C9-B576-FB1796FEFB20}.Debug|Any CPU.ActiveCfg = Debug|Any CPU
		{14C3B7CC-367C-49C9-B576-FB1796FEFB20}.Debug|Any CPU.Build.0 = Debug|Any CPU
		{14C3B7CC-367C-49C9-B576-FB1796FEFB20}.Release|Any CPU.ActiveCfg = Release|Any CPU
		{14C3B7CC-367C-49C9-B576-FB1796FEFB20}.Release|Any CPU.Build.0 = Release|Any CPU
		{CDAE27FA-A58A-4D44-A7BE-1A2C10AEF8D6}.Debug|Any CPU.ActiveCfg = Debug|Any CPU
		{CDAE27FA-A58A-4D44-A7BE-1A2C10AEF8D6}.Debug|Any CPU.Build.0 = Debug|Any CPU
		{CDAE27FA-A58A-4D44-A7BE-1A2C10AEF8D6}.Release|Any CPU.ActiveCfg = Release|Any CPU
		{CDAE27FA-A58A-4D44-A7BE-1A2C10AEF8D6}.Release|Any CPU.Build.0 = Release|Any CPU
		{AA9F6E77-D693-40B5-A528-08D665FFF545}.Debug|Any CPU.ActiveCfg = Debug|Any CPU
		{AA9F6E77-D693-40B5-A528-08D665FFF545}.Debug|Any CPU.Build.0 = Debug|Any CPU
		{AA9F6E77-D693-40B5-A528-08D665FFF545}.Release|Any CPU.ActiveCfg = Release|Any CPU
		{AA9F6E77-D693-40B5-A528-08D665FFF545}.Release|Any CPU.Build.0 = Release|Any CPU
		{BFE940DF-2E7D-41DA-BC3F-F57270260822}.Debug|Any CPU.ActiveCfg = Debug|Any CPU
		{BFE940DF-2E7D-41DA-BC3F-F57270260822}.Debug|Any CPU.Build.0 = Debug|Any CPU
		{BFE940DF-2E7D-41DA-BC3F-F57270260822}.Release|Any CPU.ActiveCfg = Release|Any CPU
		{BFE940DF-2E7D-41DA-BC3F-F57270260822}.Release|Any CPU.Build.0 = Release|Any CPU
		{7AA1B53F-E1C4-419E-976C-E8CBDFF9FF07}.Debug|Any CPU.ActiveCfg = Debug|Any CPU
		{7AA1B53F-E1C4-419E-976C-E8CBDFF9FF07}.Debug|Any CPU.Build.0 = Debug|Any CPU
		{7AA1B53F-E1C4-419E-976C-E8CBDFF9FF07}.Release|Any CPU.ActiveCfg = Release|Any CPU
		{7AA1B53F-E1C4-419E-976C-E8CBDFF9FF07}.Release|Any CPU.Build.0 = Release|Any CPU
		{9649C966-0DEC-4C2D-B416-9B725F2F23F7}.Debug|Any CPU.ActiveCfg = Debug|Any CPU
		{9649C966-0DEC-4C2D-B416-9B725F2F23F7}.Debug|Any CPU.Build.0 = Debug|Any CPU
		{9649C966-0DEC-4C2D-B416-9B725F2F23F7}.Release|Any CPU.ActiveCfg = Release|Any CPU
		{9649C966-0DEC-4C2D-B416-9B725F2F23F7}.Release|Any CPU.Build.0 = Release|Any CPU
		{4DF32D63-B7D2-4B00-9CE0-141F662EB4EE}.Debug|Any CPU.ActiveCfg = Debug|Any CPU
		{4DF32D63-B7D2-4B00-9CE0-141F662EB4EE}.Debug|Any CPU.Build.0 = Debug|Any CPU
		{4DF32D63-B7D2-4B00-9CE0-141F662EB4EE}.Release|Any CPU.ActiveCfg = Release|Any CPU
		{4DF32D63-B7D2-4B00-9CE0-141F662EB4EE}.Release|Any CPU.Build.0 = Release|Any CPU
		{A0197F82-9FFB-43B9-B663-DFB373633F5D}.Debug|Any CPU.ActiveCfg = Debug|Any CPU
		{A0197F82-9FFB-43B9-B663-DFB373633F5D}.Debug|Any CPU.Build.0 = Debug|Any CPU
		{A0197F82-9FFB-43B9-B663-DFB373633F5D}.Release|Any CPU.ActiveCfg = Release|Any CPU
		{A0197F82-9FFB-43B9-B663-DFB373633F5D}.Release|Any CPU.Build.0 = Release|Any CPU
		{80CDFA9C-7D15-46F0-90B2-0098A6150033}.Debug|Any CPU.ActiveCfg = Debug|Any CPU
		{80CDFA9C-7D15-46F0-90B2-0098A6150033}.Debug|Any CPU.Build.0 = Debug|Any CPU
		{80CDFA9C-7D15-46F0-90B2-0098A6150033}.Release|Any CPU.ActiveCfg = Release|Any CPU
		{80CDFA9C-7D15-46F0-90B2-0098A6150033}.Release|Any CPU.Build.0 = Release|Any CPU
	EndGlobalSection
	GlobalSection(SolutionProperties) = preSolution
		HideSolutionNode = FALSE
	EndGlobalSection
	GlobalSection(NestedProjects) = preSolution
		{FA5F404E-1D2D-479C-8280-EE1C538A3DA4} = {AAD1F65B-FBC9-4DDC-A29B-51A932629937}
		{48FD9390-F626-4FD1-AEAF-042B535466FF} = {AAD1F65B-FBC9-4DDC-A29B-51A932629937}
		{87B53753-D468-402C-BA3A-9F98E98508F4} = {AAD1F65B-FBC9-4DDC-A29B-51A932629937}
		{0E42B607-0499-45F4-85A7-089700FFF3A1} = {AAD1F65B-FBC9-4DDC-A29B-51A932629937}
		{C0E77DA7-F0AD-4CB6-BC16-B65FEF2D0BCF} = {AAD1F65B-FBC9-4DDC-A29B-51A932629937}
		{36B52F1F-E8B0-4EDD-A805-AEB7FE8D4276} = {AAD1F65B-FBC9-4DDC-A29B-51A932629937}
		{3C6D017C-15DA-4885-BB61-0DEBDB07C861} = {48FD9390-F626-4FD1-AEAF-042B535466FF}
		{E4B55284-D8EC-4159-A11A-B0DF0E1C1912} = {87B53753-D468-402C-BA3A-9F98E98508F4}
		{DC4BE2D7-3FBE-4CB0-9ED8-27E58D4A8885} = {48FD9390-F626-4FD1-AEAF-042B535466FF}
		{DD0E26A7-001D-45DF-93E6-8A7BB055E01E} = {DC4BE2D7-3FBE-4CB0-9ED8-27E58D4A8885}
		{4F72CFEF-5B7D-46A0-8A1D-E41D67E18904} = {48FD9390-F626-4FD1-AEAF-042B535466FF}
		{14C3B7CC-367C-49C9-B576-FB1796FEFB20} = {48FD9390-F626-4FD1-AEAF-042B535466FF}
		{CDAE27FA-A58A-4D44-A7BE-1A2C10AEF8D6} = {36B52F1F-E8B0-4EDD-A805-AEB7FE8D4276}
		{AA9F6E77-D693-40B5-A528-08D665FFF545} = {36B52F1F-E8B0-4EDD-A805-AEB7FE8D4276}
		{BFE940DF-2E7D-41DA-BC3F-F57270260822} = {36B52F1F-E8B0-4EDD-A805-AEB7FE8D4276}
		{7AA1B53F-E1C4-419E-976C-E8CBDFF9FF07} = {4B7996E7-8752-4CC4-9223-ECDA86404FB2}
		{9649C966-0DEC-4C2D-B416-9B725F2F23F7} = {0E42B607-0499-45F4-85A7-089700FFF3A1}
		{4DF32D63-B7D2-4B00-9CE0-141F662EB4EE} = {0E42B607-0499-45F4-85A7-089700FFF3A1}
		{A0197F82-9FFB-43B9-B663-DFB373633F5D} = {0E42B607-0499-45F4-85A7-089700FFF3A1}
		{80CDFA9C-7D15-46F0-90B2-0098A6150033} = {DE18BDB5-8405-4D5A-AAA7-87827FCF9A16}
	EndGlobalSection
	GlobalSection(ExtensibilityGlobals) = postSolution
		SolutionGuid = {17E931EA-8400-47AB-9235-A6CA85B178B1}
	EndGlobalSection
EndGlobal
